// !$*UTF8*$!
{
	archiveVersion = 1;
	classes = {
	};
	objectVersion = 46;
	objects = {

/* Begin PBXBuildFile section */
		C86B762019C0EBCF00311F32 /* Foundation.framework in Frameworks */ = {isa = PBXBuildFile; fileRef = C86B761F19C0EBCF00311F32 /* Foundation.framework */; };
		C86B762219C0EBCF00311F32 /* CoreGraphics.framework in Frameworks */ = {isa = PBXBuildFile; fileRef = C86B762119C0EBCF00311F32 /* CoreGraphics.framework */; };
		C86B762419C0EBCF00311F32 /* UIKit.framework in Frameworks */ = {isa = PBXBuildFile; fileRef = C86B762319C0EBCF00311F32 /* UIKit.framework */; };
		C86B762A19C0EBCF00311F32 /* InfoPlist.strings in Resources */ = {isa = PBXBuildFile; fileRef = C86B762819C0EBCF00311F32 /* InfoPlist.strings */; };
		C86B762C19C0EBCF00311F32 /* main.m in Sources */ = {isa = PBXBuildFile; fileRef = C86B762B19C0EBCF00311F32 /* main.m */; };
		C86B763019C0EBCF00311F32 /* WGMAppDelegate.m in Sources */ = {isa = PBXBuildFile; fileRef = C86B762F19C0EBCF00311F32 /* WGMAppDelegate.m */; };
		C86B763319C0EBCF00311F32 /* Main.storyboard in Resources */ = {isa = PBXBuildFile; fileRef = C86B763119C0EBCF00311F32 /* Main.storyboard */; };
		C86B763619C0EBCF00311F32 /* WGMViewController.m in Sources */ = {isa = PBXBuildFile; fileRef = C86B763519C0EBCF00311F32 /* WGMViewController.m */; };
		C86B763819C0EBCF00311F32 /* Images.xcassets in Resources */ = {isa = PBXBuildFile; fileRef = C86B763719C0EBCF00311F32 /* Images.xcassets */; };
		C86B763F19C0EBCF00311F32 /* XCTest.framework in Frameworks */ = {isa = PBXBuildFile; fileRef = C86B763E19C0EBCF00311F32 /* XCTest.framework */; };
		C86B764019C0EBCF00311F32 /* Foundation.framework in Frameworks */ = {isa = PBXBuildFile; fileRef = C86B761F19C0EBCF00311F32 /* Foundation.framework */; };
		C86B764119C0EBCF00311F32 /* UIKit.framework in Frameworks */ = {isa = PBXBuildFile; fileRef = C86B762319C0EBCF00311F32 /* UIKit.framework */; };
		C86B764919C0EBCF00311F32 /* InfoPlist.strings in Resources */ = {isa = PBXBuildFile; fileRef = C86B764719C0EBCF00311F32 /* InfoPlist.strings */; };
		C86B764B19C0EBCF00311F32 /* ViewControllerTestTests.m in Sources */ = {isa = PBXBuildFile; fileRef = C86B764A19C0EBCF00311F32 /* ViewControllerTestTests.m */; };
/* End PBXBuildFile section */

/* Begin PBXContainerItemProxy section */
		C86B764219C0EBCF00311F32 /* PBXContainerItemProxy */ = {
			isa = PBXContainerItemProxy;
			containerPortal = C86B761419C0EBCF00311F32 /* Project object */;
			proxyType = 1;
			remoteGlobalIDString = C86B761B19C0EBCF00311F32;
			remoteInfo = ViewControllerTest;
		};
/* End PBXContainerItemProxy section */

/* Begin PBXFileReference section */
		C86B761C19C0EBCF00311F32 /* ViewControllerTest.app */ = {isa = PBXFileReference; explicitFileType = wrapper.application; includeInIndex = 0; path = ViewControllerTest.app; sourceTree = BUILT_PRODUCTS_DIR; };
		C86B761F19C0EBCF00311F32 /* Foundation.framework */ = {isa = PBXFileReference; lastKnownFileType = wrapper.framework; name = Foundation.framework; path = System/Library/Frameworks/Foundation.framework; sourceTree = SDKROOT; };
		C86B762119C0EBCF00311F32 /* CoreGraphics.framework */ = {isa = PBXFileReference; lastKnownFileType = wrapper.framework; name = CoreGraphics.framework; path = System/Library/Frameworks/CoreGraphics.framework; sourceTree = SDKROOT; };
		C86B762319C0EBCF00311F32 /* UIKit.framework */ = {isa = PBXFileReference; lastKnownFileType = wrapper.framework; name = UIKit.framework; path = System/Library/Frameworks/UIKit.framework; sourceTree = SDKROOT; };
		C86B762719C0EBCF00311F32 /* ViewControllerTest-Info.plist */ = {isa = PBXFileReference; lastKnownFileType = text.plist.xml; path = "ViewControllerTest-Info.plist"; sourceTree = "<group>"; };
		C86B762919C0EBCF00311F32 /* en */ = {isa = PBXFileReference; lastKnownFileType = text.plist.strings; name = en; path = en.lproj/InfoPlist.strings; sourceTree = "<group>"; };
		C86B762B19C0EBCF00311F32 /* main.m */ = {isa = PBXFileReference; lastKnownFileType = sourcecode.c.objc; path = main.m; sourceTree = "<group>"; };
		C86B762D19C0EBCF00311F32 /* ViewControllerTest-Prefix.pch */ = {isa = PBXFileReference; lastKnownFileType = sourcecode.c.h; path = "ViewControllerTest-Prefix.pch"; sourceTree = "<group>"; };
		C86B762E19C0EBCF00311F32 /* WGMAppDelegate.h */ = {isa = PBXFileReference; lastKnownFileType = sourcecode.c.h; path = WGMAppDelegate.h; sourceTree = "<group>"; };
		C86B762F19C0EBCF00311F32 /* WGMAppDelegate.m */ = {isa = PBXFileReference; lastKnownFileType = sourcecode.c.objc; path = WGMAppDelegate.m; sourceTree = "<group>"; };
		C86B763219C0EBCF00311F32 /* Base */ = {isa = PBXFileReference; lastKnownFileType = file.storyboard; name = Base; path = Base.lproj/Main.storyboard; sourceTree = "<group>"; };
		C86B763419C0EBCF00311F32 /* WGMViewController.h */ = {isa = PBXFileReference; lastKnownFileType = sourcecode.c.h; path = WGMViewController.h; sourceTree = "<group>"; };
		C86B763519C0EBCF00311F32 /* WGMViewController.m */ = {isa = PBXFileReference; lastKnownFileType = sourcecode.c.objc; path = WGMViewController.m; sourceTree = "<group>"; };
		C86B763719C0EBCF00311F32 /* Images.xcassets */ = {isa = PBXFileReference; lastKnownFileType = folder.assetcatalog; path = Images.xcassets; sourceTree = "<group>"; };
		C86B763D19C0EBCF00311F32 /* ViewControllerTestTests.xctest */ = {isa = PBXFileReference; explicitFileType = wrapper.cfbundle; includeInIndex = 0; path = ViewControllerTestTests.xctest; sourceTree = BUILT_PRODUCTS_DIR; };
		C86B763E19C0EBCF00311F32 /* XCTest.framework */ = {isa = PBXFileReference; lastKnownFileType = wrapper.framework; name = XCTest.framework; path = Library/Frameworks/XCTest.framework; sourceTree = DEVELOPER_DIR; };
		C86B764619C0EBCF00311F32 /* ViewControllerTestTests-Info.plist */ = {isa = PBXFileReference; lastKnownFileType = text.plist.xml; path = "ViewControllerTestTests-Info.plist"; sourceTree = "<group>"; };
		C86B764819C0EBCF00311F32 /* en */ = {isa = PBXFileReference; lastKnownFileType = text.plist.strings; name = en; path = en.lproj/InfoPlist.strings; sourceTree = "<group>"; };
		C86B764A19C0EBCF00311F32 /* ViewControllerTestTests.m */ = {isa = PBXFileReference; lastKnownFileType = sourcecode.c.objc; path = ViewControllerTestTests.m; sourceTree = "<group>"; };
/* End PBXFileReference section */

/* Begin PBXFrameworksBuildPhase section */
		C86B761919C0EBCF00311F32 /* Frameworks */ = {
			isa = PBXFrameworksBuildPhase;
			buildActionMask = 2147483647;
			files = (
				C86B762219C0EBCF00311F32 /* CoreGraphics.framework in Frameworks */,
				C86B762419C0EBCF00311F32 /* UIKit.framework in Frameworks */,
				C86B762019C0EBCF00311F32 /* Foundation.framework in Frameworks */,
			);
			runOnlyForDeploymentPostprocessing = 0;
		};
		C86B763A19C0EBCF00311F32 /* Frameworks */ = {
			isa = PBXFrameworksBuildPhase;
			buildActionMask = 2147483647;
			files = (
				C86B763F19C0EBCF00311F32 /* XCTest.framework in Frameworks */,
				C86B764119C0EBCF00311F32 /* UIKit.framework in Frameworks */,
				C86B764019C0EBCF00311F32 /* Foundation.framework in Frameworks */,
			);
			runOnlyForDeploymentPostprocessing = 0;
		};
/* End PBXFrameworksBuildPhase section */

/* Begin PBXGroup section */
		C86B761319C0EBCF00311F32 = {
			isa = PBXGroup;
			children = (
				C86B762519C0EBCF00311F32 /* ViewControllerTest */,
				C86B764419C0EBCF00311F32 /* ViewControllerTestTests */,
				C86B761E19C0EBCF00311F32 /* Frameworks */,
				C86B761D19C0EBCF00311F32 /* Products */,
			);
			sourceTree = "<group>";
		};
		C86B761D19C0EBCF00311F32 /* Products */ = {
			isa = PBXGroup;
			children = (
				C86B761C19C0EBCF00311F32 /* ViewControllerTest.app */,
				C86B763D19C0EBCF00311F32 /* ViewControllerTestTests.xctest */,
			);
			name = Products;
			sourceTree = "<group>";
		};
		C86B761E19C0EBCF00311F32 /* Frameworks */ = {
			isa = PBXGroup;
			children = (
				C86B761F19C0EBCF00311F32 /* Foundation.framework */,
				C86B762119C0EBCF00311F32 /* CoreGraphics.framework */,
				C86B762319C0EBCF00311F32 /* UIKit.framework */,
				C86B763E19C0EBCF00311F32 /* XCTest.framework */,
			);
			name = Frameworks;
			sourceTree = "<group>";
		};
		C86B762519C0EBCF00311F32 /* ViewControllerTest */ = {
			isa = PBXGroup;
			children = (
				C86B762E19C0EBCF00311F32 /* WGMAppDelegate.h */,
				C86B762F19C0EBCF00311F32 /* WGMAppDelegate.m */,
				C86B763119C0EBCF00311F32 /* Main.storyboard */,
				C86B763419C0EBCF00311F32 /* WGMViewController.h */,
				C86B763519C0EBCF00311F32 /* WGMViewController.m */,
				C86B763719C0EBCF00311F32 /* Images.xcassets */,
				C86B762619C0EBCF00311F32 /* Supporting Files */,
			);
			path = ViewControllerTest;
			sourceTree = "<group>";
		};
		C86B762619C0EBCF00311F32 /* Supporting Files */ = {
			isa = PBXGroup;
			children = (
				C86B762719C0EBCF00311F32 /* ViewControllerTest-Info.plist */,
				C86B762819C0EBCF00311F32 /* InfoPlist.strings */,
				C86B762B19C0EBCF00311F32 /* main.m */,
				C86B762D19C0EBCF00311F32 /* ViewControllerTest-Prefix.pch */,
			);
			name = "Supporting Files";
			sourceTree = "<group>";
		};
		C86B764419C0EBCF00311F32 /* ViewControllerTestTests */ = {
			isa = PBXGroup;
			children = (
				C86B764A19C0EBCF00311F32 /* ViewControllerTestTests.m */,
				C86B764519C0EBCF00311F32 /* Supporting Files */,
			);
			path = ViewControllerTestTests;
			sourceTree = "<group>";
		};
		C86B764519C0EBCF00311F32 /* Supporting Files */ = {
			isa = PBXGroup;
			children = (
				C86B764619C0EBCF00311F32 /* ViewControllerTestTests-Info.plist */,
				C86B764719C0EBCF00311F32 /* InfoPlist.strings */,
			);
			name = "Supporting Files";
			sourceTree = "<group>";
		};
/* End PBXGroup section */

/* Begin PBXNativeTarget section */
		C86B761B19C0EBCF00311F32 /* ViewControllerTest */ = {
			isa = PBXNativeTarget;
			buildConfigurationList = C86B764E19C0EBCF00311F32 /* Build configuration list for PBXNativeTarget "ViewControllerTest" */;
			buildPhases = (
				C86B761819C0EBCF00311F32 /* Sources */,
				C86B761919C0EBCF00311F32 /* Frameworks */,
				C86B761A19C0EBCF00311F32 /* Resources */,
			);
			buildRules = (
			);
			dependencies = (
			);
			name = ViewControllerTest;
			productName = ViewControllerTest;
			productReference = C86B761C19C0EBCF00311F32 /* ViewControllerTest.app */;
			productType = "com.apple.product-type.application";
		};
		C86B763C19C0EBCF00311F32 /* ViewControllerTestTests */ = {
			isa = PBXNativeTarget;
			buildConfigurationList = C86B765119C0EBCF00311F32 /* Build configuration list for PBXNativeTarget "ViewControllerTestTests" */;
			buildPhases = (
				C86B763919C0EBCF00311F32 /* Sources */,
				C86B763A19C0EBCF00311F32 /* Frameworks */,
				C86B763B19C0EBCF00311F32 /* Resources */,
			);
			buildRules = (
			);
			dependencies = (
				C86B764319C0EBCF00311F32 /* PBXTargetDependency */,
			);
			name = ViewControllerTestTests;
			productName = ViewControllerTestTests;
			productReference = C86B763D19C0EBCF00311F32 /* ViewControllerTestTests.xctest */;
			productType = "com.apple.product-type.bundle.unit-test";
		};
/* End PBXNativeTarget section */

/* Begin PBXProject section */
		C86B761419C0EBCF00311F32 /* Project object */ = {
			isa = PBXProject;
			attributes = {
				CLASSPREFIX = WGM;
				LastUpgradeCheck = 0510;
				ORGANIZATIONNAME = DevMountain;
				TargetAttributes = {
					C86B763C19C0EBCF00311F32 = {
						TestTargetID = C86B761B19C0EBCF00311F32;
					};
				};
			};
			buildConfigurationList = C86B761719C0EBCF00311F32 /* Build configuration list for PBXProject "ViewControllerTest" */;
			compatibilityVersion = "Xcode 3.2";
			developmentRegion = English;
			hasScannedForEncodings = 0;
			knownRegions = (
				en,
				Base,
			);
			mainGroup = C86B761319C0EBCF00311F32;
			productRefGroup = C86B761D19C0EBCF00311F32 /* Products */;
			projectDirPath = "";
			projectRoot = "";
			targets = (
				C86B761B19C0EBCF00311F32 /* ViewControllerTest */,
				C86B763C19C0EBCF00311F32 /* ViewControllerTestTests */,
			);
		};
/* End PBXProject section */

/* Begin PBXResourcesBuildPhase section */
		C86B761A19C0EBCF00311F32 /* Resources */ = {
			isa = PBXResourcesBuildPhase;
			buildActionMask = 2147483647;
			files = (
				C86B763819C0EBCF00311F32 /* Images.xcassets in Resources */,
				C86B762A19C0EBCF00311F32 /* InfoPlist.strings in Resources */,
				C86B763319C0EBCF00311F32 /* Main.storyboard in Resources */,
			);
			runOnlyForDeploymentPostprocessing = 0;
		};
		C86B763B19C0EBCF00311F32 /* Resources */ = {
			isa = PBXResourcesBuildPhase;
			buildActionMask = 2147483647;
			files = (
				C86B764919C0EBCF00311F32 /* InfoPlist.strings in Resources */,
			);
			runOnlyForDeploymentPostprocessing = 0;
		};
/* End PBXResourcesBuildPhase section */

/* Begin PBXSourcesBuildPhase section */
		C86B761819C0EBCF00311F32 /* Sources */ = {
			isa = PBXSourcesBuildPhase;
			buildActionMask = 2147483647;
			files = (
				C86B763019C0EBCF00311F32 /* WGMAppDelegate.m in Sources */,
				C86B762C19C0EBCF00311F32 /* main.m in Sources */,
				C86B763619C0EBCF00311F32 /* WGMViewController.m in Sources */,
			);
			runOnlyForDeploymentPostprocessing = 0;
		};
		C86B763919C0EBCF00311F32 /* Sources */ = {
			isa = PBXSourcesBuildPhase;
			buildActionMask = 2147483647;
			files = (
				C86B764B19C0EBCF00311F32 /* ViewControllerTestTests.m in Sources */,
			);
			runOnlyForDeploymentPostprocessing = 0;
		};
/* End PBXSourcesBuildPhase section */

/* Begin PBXTargetDependency section */
		C86B764319C0EBCF00311F32 /* PBXTargetDependency */ = {
			isa = PBXTargetDependency;
			target = C86B761B19C0EBCF00311F32 /* ViewControllerTest */;
			targetProxy = C86B764219C0EBCF00311F32 /* PBXContainerItemProxy */;
		};
/* End PBXTargetDependency section */

/* Begin PBXVariantGroup section */
		C86B762819C0EBCF00311F32 /* InfoPlist.strings */ = {
			isa = PBXVariantGroup;
			children = (
				C86B762919C0EBCF00311F32 /* en */,
			);
			name = InfoPlist.strings;
			sourceTree = "<group>";
		};
		C86B763119C0EBCF00311F32 /* Main.storyboard */ = {
			isa = PBXVariantGroup;
			children = (
				C86B763219C0EBCF00311F32 /* Base */,
			);
			name = Main.storyboard;
			sourceTree = "<group>";
		};
		C86B764719C0EBCF00311F32 /* InfoPlist.strings */ = {
			isa = PBXVariantGroup;
			children = (
				C86B764819C0EBCF00311F32 /* en */,
			);
			name = InfoPlist.strings;
			sourceTree = "<group>";
		};
/* End PBXVariantGroup section */

/* Begin XCBuildConfiguration section */
		C86B764C19C0EBCF00311F32 /* Debug */ = {
			isa = XCBuildConfiguration;
			buildSettings = {
				ALWAYS_SEARCH_USER_PATHS = NO;
				CLANG_CXX_LANGUAGE_STANDARD = "gnu++0x";
				CLANG_CXX_LIBRARY = "libc++";
				CLANG_ENABLE_MODULES = YES;
				CLANG_ENABLE_OBJC_ARC = YES;
				CLANG_WARN_BOOL_CONVERSION = YES;
				CLANG_WARN_CONSTANT_CONVERSION = YES;
				CLANG_WARN_DIRECT_OBJC_ISA_USAGE = YES_ERROR;
				CLANG_WARN_EMPTY_BODY = YES;
				CLANG_WARN_ENUM_CONVERSION = YES;
				CLANG_WARN_INT_CONVERSION = YES;
				CLANG_WARN_OBJC_ROOT_CLASS = YES_ERROR;
				CLANG_WARN__DUPLICATE_METHOD_MATCH = YES;
				"CODE_SIGN_IDENTITY[sdk=iphoneos*]" = "iPhone Developer";
				COPY_PHASE_STRIP = NO;
				GCC_C_LANGUAGE_STANDARD = gnu99;
				GCC_DYNAMIC_NO_PIC = NO;
				GCC_OPTIMIZATION_LEVEL = 0;
				GCC_PREPROCESSOR_DEFINITIONS = (
					"DEBUG=1",
					"$(inherited)",
				);
				GCC_SYMBOLS_PRIVATE_EXTERN = NO;
				GCC_WARN_64_TO_32_BIT_CONVERSION = YES;
				GCC_WARN_ABOUT_RETURN_TYPE = YES_ERROR;
				GCC_WARN_UNDECLARED_SELECTOR = YES;
				GCC_WARN_UNINITIALIZED_AUTOS = YES_AGGRESSIVE;
				GCC_WARN_UNUSED_FUNCTION = YES;
				GCC_WARN_UNUSED_VARIABLE = YES;
				IPHONEOS_DEPLOYMENT_TARGET = 7.1;
				ONLY_ACTIVE_ARCH = YES;
				SDKROOT = iphoneos;
			};
			name = Debug;
		};
		C86B764D19C0EBCF00311F32 /* Release */ = {
			isa = XCBuildConfiguration;
			buildSettings = {
				ALWAYS_SEARCH_USER_PATHS = NO;
				CLANG_CXX_LANGUAGE_STANDARD = "gnu++0x";
				CLANG_CXX_LIBRARY = "libc++";
				CLANG_ENABLE_MODULES = YES;
				CLANG_ENABLE_OBJC_ARC = YES;
				CLANG_WARN_BOOL_CONVERSION = YES;
				CLANG_WARN_CONSTANT_CONVERSION = YES;
				CLANG_WARN_DIRECT_OBJC_ISA_USAGE = YES_ERROR;
				CLANG_WARN_EMPTY_BODY = YES;
				CLANG_WARN_ENUM_CONVERSION = YES;
				CLANG_WARN_INT_CONVERSION = YES;
				CLANG_WARN_OBJC_ROOT_CLASS = YES_ERROR;
				CLANG_WARN__DUPLICATE_METHOD_MATCH = YES;
				"CODE_SIGN_IDENTITY[sdk=iphoneos*]" = "iPhone Developer";
				COPY_PHASE_STRIP = YES;
				ENABLE_NS_ASSERTIONS = NO;
				GCC_C_LANGUAGE_STANDARD = gnu99;
				GCC_WARN_64_TO_32_BIT_CONVERSION = YES;
				GCC_WARN_ABOUT_RETURN_TYPE = YES_ERROR;
				GCC_WARN_UNDECLARED_SELECTOR = YES;
				GCC_WARN_UNINITIALIZED_AUTOS = YES_AGGRESSIVE;
				GCC_WARN_UNUSED_FUNCTION = YES;
				GCC_WARN_UNUSED_VARIABLE = YES;
				IPHONEOS_DEPLOYMENT_TARGET = 7.1;
				SDKROOT = iphoneos;
				VALIDATE_PRODUCT = YES;
			};
			name = Release;
		};
		C86B764F19C0EBCF00311F32 /* Debug */ = {
			isa = XCBuildConfiguration;
			buildSettings = {
				ASSETCATALOG_COMPILER_APPICON_NAME = AppIcon;
				ASSETCATALOG_COMPILER_LAUNCHIMAGE_NAME = LaunchImage;
				GCC_PRECOMPILE_PREFIX_HEADER = YES;
				GCC_PREFIX_HEADER = "ViewControllerTest/ViewControllerTest-Prefix.pch";
				INFOPLIST_FILE = "ViewControllerTest/ViewControllerTest-Info.plist";
				PRODUCT_NAME = "$(TARGET_NAME)";
				WRAPPER_EXTENSION = app;
			};
			name = Debug;
		};
		C86B765019C0EBCF00311F32 /* Release */ = {
			isa = XCBuildConfiguration;
			buildSettings = {
				ASSETCATALOG_COMPILER_APPICON_NAME = AppIcon;
				ASSETCATALOG_COMPILER_LAUNCHIMAGE_NAME = LaunchImage;
				GCC_PRECOMPILE_PREFIX_HEADER = YES;
				GCC_PREFIX_HEADER = "ViewControllerTest/ViewControllerTest-Prefix.pch";
				INFOPLIST_FILE = "ViewControllerTest/ViewControllerTest-Info.plist";
				PRODUCT_NAME = "$(TARGET_NAME)";
				WRAPPER_EXTENSION = app;
			};
			name = Release;
		};
		C86B765219C0EBCF00311F32 /* Debug */ = {
			isa = XCBuildConfiguration;
			buildSettings = {
				BUNDLE_LOADER = "$(BUILT_PRODUCTS_DIR)/ViewControllerTest.app/ViewControllerTest";
				FRAMEWORK_SEARCH_PATHS = (
					"$(SDKROOT)/Developer/Library/Frameworks",
					"$(inherited)",
					"$(DEVELOPER_FRAMEWORKS_DIR)",
				);
				GCC_PRECOMPILE_PREFIX_HEADER = YES;
				GCC_PREFIX_HEADER = "ViewControllerTest/ViewControllerTest-Prefix.pch";
				GCC_PREPROCESSOR_DEFINITIONS = (
					"DEBUG=1",
					"$(inherited)",
				);
				INFOPLIST_FILE = "ViewControllerTestTests/ViewControllerTestTests-Info.plist";
				PRODUCT_NAME = "$(TARGET_NAME)";
				TEST_HOST = "$(BUNDLE_LOADER)";
				WRAPPER_EXTENSION = xctest;
			};
			name = Debug;
		};
		C86B765319C0EBCF00311F32 /* Release */ = {
			isa = XCBuildConfiguration;
			buildSettings = {
				BUNDLE_LOADER = "$(BUILT_PRODUCTS_DIR)/ViewControllerTest.app/ViewControllerTest";
				FRAMEWORK_SEARCH_PATHS = (
					"$(SDKROOT)/Developer/Library/Frameworks",
					"$(inherited)",
					"$(DEVELOPER_FRAMEWORKS_DIR)",
				);
				GCC_PRECOMPILE_PREFIX_HEADER = YES;
				GCC_PREFIX_HEADER = "ViewControllerTest/ViewControllerTest-Prefix.pch";
				INFOPLIST_FILE = "ViewControllerTestTests/ViewControllerTestTests-Info.plist";
				PRODUCT_NAME = "$(TARGET_NAME)";
				TEST_HOST = "$(BUNDLE_LOADER)";
				WRAPPER_EXTENSION = xctest;
			};
			name = Release;
		};
/* End XCBuildConfiguration section */

/* Begin XCConfigurationList section */
		C86B761719C0EBCF00311F32 /* Build configuration list for PBXProject "ViewControllerTest" */ = {
			isa = XCConfigurationList;
			buildConfigurations = (
				C86B764C19C0EBCF00311F32 /* Debug */,
				C86B764D19C0EBCF00311F32 /* Release */,
			);
			defaultConfigurationIsVisible = 0;
			defaultConfigurationName = Release;
		};
		C86B764E19C0EBCF00311F32 /* Build configuration list for PBXNativeTarget "ViewControllerTest" */ = {
			isa = XCConfigurationList;
			buildConfigurations = (
				C86B764F19C0EBCF00311F32 /* Debug */,
				C86B765019C0EBCF00311F32 /* Release */,
			);
			defaultConfigurationIsVisible = 0;
		};
		C86B765119C0EBCF00311F32 /* Build configuration list for PBXNativeTarget "ViewControllerTestTests" */ = {
			isa = XCConfigurationList;
			buildConfigurations = (
				C86B765219C0EBCF00311F32 /* Debug */,
				C86B765319C0EBCF00311F32 /* Release */,
			);
			defaultConfigurationIsVisible = 0;
		};
/* End XCConfigurationList section */
	};
	rootObject = C86B761419C0EBCF00311F32 /* Project object */;
}
