// !$*UTF8*$!
{
	archiveVersion = 1;
	classes = {
	};
	objectVersion = 46;
	objects = {

/* Begin PBXBuildFile section */
		C8CFC5C219CBAC6E005B8545 /* main.m in Sources */ = {isa = PBXBuildFile; fileRef = C8CFC5C119CBAC6E005B8545 /* main.m */; };
		C8CFC5C519CBAC6E005B8545 /* AppDelegate.m in Sources */ = {isa = PBXBuildFile; fileRef = C8CFC5C419CBAC6E005B8545 /* AppDelegate.m */; };
		C8CFC5C819CBAC6E005B8545 /* ViewController.m in Sources */ = {isa = PBXBuildFile; fileRef = C8CFC5C719CBAC6E005B8545 /* ViewController.m */; };
		C8CFC5CB19CBAC6E005B8545 /* Main.storyboard in Resources */ = {isa = PBXBuildFile; fileRef = C8CFC5C919CBAC6E005B8545 /* Main.storyboard */; };
		C8CFC5CD19CBAC6E005B8545 /* Images.xcassets in Resources */ = {isa = PBXBuildFile; fileRef = C8CFC5CC19CBAC6E005B8545 /* Images.xcassets */; };
		C8CFC5D019CBAC6E005B8545 /* LaunchScreen.xib in Resources */ = {isa = PBXBuildFile; fileRef = C8CFC5CE19CBAC6E005B8545 /* LaunchScreen.xib */; };
		C8CFC5DC19CBAC6E005B8545 /* UserDefaultReviewTests.m in Sources */ = {isa = PBXBuildFile; fileRef = C8CFC5DB19CBAC6E005B8545 /* UserDefaultReviewTests.m */; };
/* End PBXBuildFile section */

/* Begin PBXContainerItemProxy section */
		C8CFC5D619CBAC6E005B8545 /* PBXContainerItemProxy */ = {
			isa = PBXContainerItemProxy;
			containerPortal = C8CFC5B419CBAC6E005B8545 /* Project object */;
			proxyType = 1;
			remoteGlobalIDString = C8CFC5BB19CBAC6E005B8545;
			remoteInfo = UserDefaultReview;
		};
/* End PBXContainerItemProxy section */

/* Begin PBXFileReference section */
		C8CFC5BC19CBAC6E005B8545 /* UserDefaultReview.app */ = {isa = PBXFileReference; explicitFileType = wrapper.application; includeInIndex = 0; path = UserDefaultReview.app; sourceTree = BUILT_PRODUCTS_DIR; };
		C8CFC5C019CBAC6E005B8545 /* Info.plist */ = {isa = PBXFileReference; lastKnownFileType = text.plist.xml; path = Info.plist; sourceTree = "<group>"; };
		C8CFC5C119CBAC6E005B8545 /* main.m */ = {isa = PBXFileReference; lastKnownFileType = sourcecode.c.objc; path = main.m; sourceTree = "<group>"; };
		C8CFC5C319CBAC6E005B8545 /* AppDelegate.h */ = {isa = PBXFileReference; lastKnownFileType = sourcecode.c.h; path = AppDelegate.h; sourceTree = "<group>"; };
		C8CFC5C419CBAC6E005B8545 /* AppDelegate.m */ = {isa = PBXFileReference; lastKnownFileType = sourcecode.c.objc; path = AppDelegate.m; sourceTree = "<group>"; };
		C8CFC5C619CBAC6E005B8545 /* ViewController.h */ = {isa = PBXFileReference; lastKnownFileType = sourcecode.c.h; path = ViewController.h; sourceTree = "<group>"; };
		C8CFC5C719CBAC6E005B8545 /* ViewController.m */ = {isa = PBXFileReference; lastKnownFileType = sourcecode.c.objc; path = ViewController.m; sourceTree = "<group>"; };
		C8CFC5CA19CBAC6E005B8545 /* Base */ = {isa = PBXFileReference; lastKnownFileType = file.storyboard; name = Base; path = Base.lproj/Main.storyboard; sourceTree = "<group>"; };
		C8CFC5CC19CBAC6E005B8545 /* Images.xcassets */ = {isa = PBXFileReference; lastKnownFileType = folder.assetcatalog; path = Images.xcassets; sourceTree = "<group>"; };
		C8CFC5CF19CBAC6E005B8545 /* Base */ = {isa = PBXFileReference; lastKnownFileType = file.xib; name = Base; path = Base.lproj/LaunchScreen.xib; sourceTree = "<group>"; };
		C8CFC5D519CBAC6E005B8545 /* UserDefaultReviewTests.xctest */ = {isa = PBXFileReference; explicitFileType = wrapper.cfbundle; includeInIndex = 0; path = UserDefaultReviewTests.xctest; sourceTree = BUILT_PRODUCTS_DIR; };
		C8CFC5DA19CBAC6E005B8545 /* Info.plist */ = {isa = PBXFileReference; lastKnownFileType = text.plist.xml; path = Info.plist; sourceTree = "<group>"; };
		C8CFC5DB19CBAC6E005B8545 /* UserDefaultReviewTests.m */ = {isa = PBXFileReference; lastKnownFileType = sourcecode.c.objc; path = UserDefaultReviewTests.m; sourceTree = "<group>"; };
/* End PBXFileReference section */

/* Begin PBXFrameworksBuildPhase section */
		C8CFC5B919CBAC6E005B8545 /* Frameworks */ = {
			isa = PBXFrameworksBuildPhase;
			buildActionMask = 2147483647;
			files = (
			);
			runOnlyForDeploymentPostprocessing = 0;
		};
		C8CFC5D219CBAC6E005B8545 /* Frameworks */ = {
			isa = PBXFrameworksBuildPhase;
			buildActionMask = 2147483647;
			files = (
			);
			runOnlyForDeploymentPostprocessing = 0;
		};
/* End PBXFrameworksBuildPhase section */

/* Begin PBXGroup section */
		C8CFC5B319CBAC6E005B8545 = {
			isa = PBXGroup;
			children = (
				C8CFC5BE19CBAC6E005B8545 /* UserDefaultReview */,
				C8CFC5D819CBAC6E005B8545 /* UserDefaultReviewTests */,
				C8CFC5BD19CBAC6E005B8545 /* Products */,
			);
			sourceTree = "<group>";
		};
		C8CFC5BD19CBAC6E005B8545 /* Products */ = {
			isa = PBXGroup;
			children = (
				C8CFC5BC19CBAC6E005B8545 /* UserDefaultReview.app */,
				C8CFC5D519CBAC6E005B8545 /* UserDefaultReviewTests.xctest */,
			);
			name = Products;
			sourceTree = "<group>";
		};
		C8CFC5BE19CBAC6E005B8545 /* UserDefaultReview */ = {
			isa = PBXGroup;
			children = (
				C8CFC5C319CBAC6E005B8545 /* AppDelegate.h */,
				C8CFC5C419CBAC6E005B8545 /* AppDelegate.m */,
				C8CFC5C619CBAC6E005B8545 /* ViewController.h */,
				C8CFC5C719CBAC6E005B8545 /* ViewController.m */,
				C8CFC5C919CBAC6E005B8545 /* Main.storyboard */,
				C8CFC5CC19CBAC6E005B8545 /* Images.xcassets */,
				C8CFC5CE19CBAC6E005B8545 /* LaunchScreen.xib */,
				C8CFC5BF19CBAC6E005B8545 /* Supporting Files */,
			);
			path = UserDefaultReview;
			sourceTree = "<group>";
		};
		C8CFC5BF19CBAC6E005B8545 /* Supporting Files */ = {
			isa = PBXGroup;
			children = (
				C8CFC5C019CBAC6E005B8545 /* Info.plist */,
				C8CFC5C119CBAC6E005B8545 /* main.m */,
			);
			name = "Supporting Files";
			sourceTree = "<group>";
		};
		C8CFC5D819CBAC6E005B8545 /* UserDefaultReviewTests */ = {
			isa = PBXGroup;
			children = (
				C8CFC5DB19CBAC6E005B8545 /* UserDefaultReviewTests.m */,
				C8CFC5D919CBAC6E005B8545 /* Supporting Files */,
			);
			path = UserDefaultReviewTests;
			sourceTree = "<group>";
		};
		C8CFC5D919CBAC6E005B8545 /* Supporting Files */ = {
			isa = PBXGroup;
			children = (
				C8CFC5DA19CBAC6E005B8545 /* Info.plist */,
			);
			name = "Supporting Files";
			sourceTree = "<group>";
		};
/* End PBXGroup section */

/* Begin PBXNativeTarget section */
		C8CFC5BB19CBAC6E005B8545 /* UserDefaultReview */ = {
			isa = PBXNativeTarget;
			buildConfigurationList = C8CFC5DF19CBAC6E005B8545 /* Build configuration list for PBXNativeTarget "UserDefaultReview" */;
			buildPhases = (
				C8CFC5B819CBAC6E005B8545 /* Sources */,
				C8CFC5B919CBAC6E005B8545 /* Frameworks */,
				C8CFC5BA19CBAC6E005B8545 /* Resources */,
			);
			buildRules = (
			);
			dependencies = (
			);
			name = UserDefaultReview;
			productName = UserDefaultReview;
			productReference = C8CFC5BC19CBAC6E005B8545 /* UserDefaultReview.app */;
			productType = "com.apple.product-type.application";
		};
		C8CFC5D419CBAC6E005B8545 /* UserDefaultReviewTests */ = {
			isa = PBXNativeTarget;
			buildConfigurationList = C8CFC5E219CBAC6E005B8545 /* Build configuration list for PBXNativeTarget "UserDefaultReviewTests" */;
			buildPhases = (
				C8CFC5D119CBAC6E005B8545 /* Sources */,
				C8CFC5D219CBAC6E005B8545 /* Frameworks */,
				C8CFC5D319CBAC6E005B8545 /* Resources */,
			);
			buildRules = (
			);
			dependencies = (
				C8CFC5D719CBAC6E005B8545 /* PBXTargetDependency */,
			);
			name = UserDefaultReviewTests;
			productName = UserDefaultReviewTests;
			productReference = C8CFC5D519CBAC6E005B8545 /* UserDefaultReviewTests.xctest */;
			productType = "com.apple.product-type.bundle.unit-test";
		};
/* End PBXNativeTarget section */

/* Begin PBXProject section */
		C8CFC5B419CBAC6E005B8545 /* Project object */ = {
			isa = PBXProject;
			attributes = {
				LastUpgradeCheck = 0600;
				ORGANIZATIONNAME = DevMountain;
				TargetAttributes = {
					C8CFC5BB19CBAC6E005B8545 = {
						CreatedOnToolsVersion = 6.0.1;
					};
					C8CFC5D419CBAC6E005B8545 = {
						CreatedOnToolsVersion = 6.0.1;
						TestTargetID = C8CFC5BB19CBAC6E005B8545;
					};
				};
			};
			buildConfigurationList = C8CFC5B719CBAC6E005B8545 /* Build configuration list for PBXProject "UserDefaultReview" */;
			compatibilityVersion = "Xcode 3.2";
			developmentRegion = English;
			hasScannedForEncodings = 0;
			knownRegions = (
				en,
				Base,
			);
			mainGroup = C8CFC5B319CBAC6E005B8545;
			productRefGroup = C8CFC5BD19CBAC6E005B8545 /* Products */;
			projectDirPath = "";
			projectRoot = "";
			targets = (
				C8CFC5BB19CBAC6E005B8545 /* UserDefaultReview */,
				C8CFC5D419CBAC6E005B8545 /* UserDefaultReviewTests */,
			);
		};
/* End PBXProject section */

/* Begin PBXResourcesBuildPhase section */
		C8CFC5BA19CBAC6E005B8545 /* Resources */ = {
			isa = PBXResourcesBuildPhase;
			buildActionMask = 2147483647;
			files = (
				C8CFC5CB19CBAC6E005B8545 /* Main.storyboard in Resources */,
				C8CFC5D019CBAC6E005B8545 /* LaunchScreen.xib in Resources */,
				C8CFC5CD19CBAC6E005B8545 /* Images.xcassets in Resources */,
			);
			runOnlyForDeploymentPostprocessing = 0;
		};
		C8CFC5D319CBAC6E005B8545 /* Resources */ = {
			isa = PBXResourcesBuildPhase;
			buildActionMask = 2147483647;
			files = (
			);
			runOnlyForDeploymentPostprocessing = 0;
		};
/* End PBXResourcesBuildPhase section */

/* Begin PBXSourcesBuildPhase section */
		C8CFC5B819CBAC6E005B8545 /* Sources */ = {
			isa = PBXSourcesBuildPhase;
			buildActionMask = 2147483647;
			files = (
				C8CFC5C819CBAC6E005B8545 /* ViewController.m in Sources */,
				C8CFC5C519CBAC6E005B8545 /* AppDelegate.m in Sources */,
				C8CFC5C219CBAC6E005B8545 /* main.m in Sources */,
			);
			runOnlyForDeploymentPostprocessing = 0;
		};
		C8CFC5D119CBAC6E005B8545 /* Sources */ = {
			isa = PBXSourcesBuildPhase;
			buildActionMask = 2147483647;
			files = (
				C8CFC5DC19CBAC6E005B8545 /* UserDefaultReviewTests.m in Sources */,
			);
			runOnlyForDeploymentPostprocessing = 0;
		};
/* End PBXSourcesBuildPhase section */

/* Begin PBXTargetDependency section */
		C8CFC5D719CBAC6E005B8545 /* PBXTargetDependency */ = {
			isa = PBXTargetDependency;
			target = C8CFC5BB19CBAC6E005B8545 /* UserDefaultReview */;
			targetProxy = C8CFC5D619CBAC6E005B8545 /* PBXContainerItemProxy */;
		};
/* End PBXTargetDependency section */

/* Begin PBXVariantGroup section */
		C8CFC5C919CBAC6E005B8545 /* Main.storyboard */ = {
			isa = PBXVariantGroup;
			children = (
				C8CFC5CA19CBAC6E005B8545 /* Base */,
			);
			name = Main.storyboard;
			sourceTree = "<group>";
		};
		C8CFC5CE19CBAC6E005B8545 /* LaunchScreen.xib */ = {
			isa = PBXVariantGroup;
			children = (
				C8CFC5CF19CBAC6E005B8545 /* Base */,
			);
			name = LaunchScreen.xib;
			sourceTree = "<group>";
		};
/* End PBXVariantGroup section */

/* Begin XCBuildConfiguration section */
		C8CFC5DD19CBAC6E005B8545 /* Debug */ = {
			isa = XCBuildConfiguration;
			buildSettings = {
				ALWAYS_SEARCH_USER_PATHS = NO;
				CLANG_CXX_LANGUAGE_STANDARD = "gnu++0x";
				CLANG_CXX_LIBRARY = "libc++";
				CLANG_ENABLE_MODULES = YES;
				CLANG_ENABLE_OBJC_ARC = YES;
				CLANG_WARN_BOOL_CONVERSION = YES;
				CLANG_WARN_CONSTANT_CONVERSION = YES;
				CLANG_WARN_DIRECT_OBJC_ISA_USAGE = YES_ERROR;
				CLANG_WARN_EMPTY_BODY = YES;
				CLANG_WARN_ENUM_CONVERSION = YES;
				CLANG_WARN_INT_CONVERSION = YES;
				CLANG_WARN_OBJC_ROOT_CLASS = YES_ERROR;
				CLANG_WARN_UNREACHABLE_CODE = YES;
				CLANG_WARN__DUPLICATE_METHOD_MATCH = YES;
				"CODE_SIGN_IDENTITY[sdk=iphoneos*]" = "iPhone Developer";
				COPY_PHASE_STRIP = NO;
				ENABLE_STRICT_OBJC_MSGSEND = YES;
				GCC_C_LANGUAGE_STANDARD = gnu99;
				GCC_DYNAMIC_NO_PIC = NO;
				GCC_OPTIMIZATION_LEVEL = 0;
				GCC_PREPROCESSOR_DEFINITIONS = (
					"DEBUG=1",
					"$(inherited)",
				);
				GCC_SYMBOLS_PRIVATE_EXTERN = NO;
				GCC_WARN_64_TO_32_BIT_CONVERSION = YES;
				GCC_WARN_ABOUT_RETURN_TYPE = YES_ERROR;
				GCC_WARN_UNDECLARED_SELECTOR = YES;
				GCC_WARN_UNINITIALIZED_AUTOS = YES_AGGRESSIVE;
				GCC_WARN_UNUSED_FUNCTION = YES;
				GCC_WARN_UNUSED_VARIABLE = YES;
				IPHONEOS_DEPLOYMENT_TARGET = 8.0;
				MTL_ENABLE_DEBUG_INFO = YES;
				ONLY_ACTIVE_ARCH = YES;
				SDKROOT = iphoneos;
			};
			name = Debug;
		};
		C8CFC5DE19CBAC6E005B8545 /* Release */ = {
			isa = XCBuildConfiguration;
			buildSettings = {
				ALWAYS_SEARCH_USER_PATHS = NO;
				CLANG_CXX_LANGUAGE_STANDARD = "gnu++0x";
				CLANG_CXX_LIBRARY = "libc++";
				CLANG_ENABLE_MODULES = YES;
				CLANG_ENABLE_OBJC_ARC = YES;
				CLANG_WARN_BOOL_CONVERSION = YES;
				CLANG_WARN_CONSTANT_CONVERSION = YES;
				CLANG_WARN_DIRECT_OBJC_ISA_USAGE = YES_ERROR;
				CLANG_WARN_EMPTY_BODY = YES;
				CLANG_WARN_ENUM_CONVERSION = YES;
				CLANG_WARN_INT_CONVERSION = YES;
				CLANG_WARN_OBJC_ROOT_CLASS = YES_ERROR;
				CLANG_WARN_UNREACHABLE_CODE = YES;
				CLANG_WARN__DUPLICATE_METHOD_MATCH = YES;
				"CODE_SIGN_IDENTITY[sdk=iphoneos*]" = "iPhone Developer";
				COPY_PHASE_STRIP = YES;
				ENABLE_NS_ASSERTIONS = NO;
				ENABLE_STRICT_OBJC_MSGSEND = YES;
				GCC_C_LANGUAGE_STANDARD = gnu99;
				GCC_WARN_64_TO_32_BIT_CONVERSION = YES;
				GCC_WARN_ABOUT_RETURN_TYPE = YES_ERROR;
				GCC_WARN_UNDECLARED_SELECTOR = YES;
				GCC_WARN_UNINITIALIZED_AUTOS = YES_AGGRESSIVE;
				GCC_WARN_UNUSED_FUNCTION = YES;
				GCC_WARN_UNUSED_VARIABLE = YES;
				IPHONEOS_DEPLOYMENT_TARGET = 8.0;
				MTL_ENABLE_DEBUG_INFO = NO;
				SDKROOT = iphoneos;
				VALIDATE_PRODUCT = YES;
			};
			name = Release;
		};
		C8CFC5E019CBAC6E005B8545 /* Debug */ = {
			isa = XCBuildConfiguration;
			buildSettings = {
				ASSETCATALOG_COMPILER_APPICON_NAME = AppIcon;
				INFOPLIST_FILE = UserDefaultReview/Info.plist;
				LD_RUNPATH_SEARCH_PATHS = "$(inherited) @executable_path/Frameworks";
				PRODUCT_NAME = "$(TARGET_NAME)";
			};
			name = Debug;
		};
		C8CFC5E119CBAC6E005B8545 /* Release */ = {
			isa = XCBuildConfiguration;
			buildSettings = {
				ASSETCATALOG_COMPILER_APPICON_NAME = AppIcon;
				INFOPLIST_FILE = UserDefaultReview/Info.plist;
				LD_RUNPATH_SEARCH_PATHS = "$(inherited) @executable_path/Frameworks";
				PRODUCT_NAME = "$(TARGET_NAME)";
			};
			name = Release;
		};
		C8CFC5E319CBAC6E005B8545 /* Debug */ = {
			isa = XCBuildConfiguration;
			buildSettings = {
				BUNDLE_LOADER = "$(TEST_HOST)";
				FRAMEWORK_SEARCH_PATHS = (
					"$(SDKROOT)/Developer/Library/Frameworks",
					"$(inherited)",
				);
				GCC_PREPROCESSOR_DEFINITIONS = (
					"DEBUG=1",
					"$(inherited)",
				);
				INFOPLIST_FILE = UserDefaultReviewTests/Info.plist;
				LD_RUNPATH_SEARCH_PATHS = "$(inherited) @executable_path/Frameworks @loader_path/Frameworks";
				PRODUCT_NAME = "$(TARGET_NAME)";
				TEST_HOST = "$(BUILT_PRODUCTS_DIR)/UserDefaultReview.app/UserDefaultReview";
			};
			name = Debug;
		};
		C8CFC5E419CBAC6E005B8545 /* Release */ = {
			isa = XCBuildConfiguration;
			buildSettings = {
				BUNDLE_LOADER = "$(TEST_HOST)";
				FRAMEWORK_SEARCH_PATHS = (
					"$(SDKROOT)/Developer/Library/Frameworks",
					"$(inherited)",
				);
				INFOPLIST_FILE = UserDefaultReviewTests/Info.plist;
				LD_RUNPATH_SEARCH_PATHS = "$(inherited) @executable_path/Frameworks @loader_path/Frameworks";
				PRODUCT_NAME = "$(TARGET_NAME)";
				TEST_HOST = "$(BUILT_PRODUCTS_DIR)/UserDefaultReview.app/UserDefaultReview";
			};
			name = Release;
		};
/* End XCBuildConfiguration section */

/* Begin XCConfigurationList section */
		C8CFC5B719CBAC6E005B8545 /* Build configuration list for PBXProject "UserDefaultReview" */ = {
			isa = XCConfigurationList;
			buildConfigurations = (
				C8CFC5DD19CBAC6E005B8545 /* Debug */,
				C8CFC5DE19CBAC6E005B8545 /* Release */,
			);
			defaultConfigurationIsVisible = 0;
			defaultConfigurationName = Release;
		};
		C8CFC5DF19CBAC6E005B8545 /* Build configuration list for PBXNativeTarget "UserDefaultReview" */ = {
			isa = XCConfigurationList;
			buildConfigurations = (
				C8CFC5E019CBAC6E005B8545 /* Debug */,
				C8CFC5E119CBAC6E005B8545 /* Release */,
			);
			defaultConfigurationIsVisible = 0;
		};
		C8CFC5E219CBAC6E005B8545 /* Build configuration list for PBXNativeTarget "UserDefaultReviewTests" */ = {
			isa = XCConfigurationList;
			buildConfigurations = (
				C8CFC5E319CBAC6E005B8545 /* Debug */,
				C8CFC5E419CBAC6E005B8545 /* Release */,
			);
			defaultConfigurationIsVisible = 0;
		};
/* End XCConfigurationList section */
	};
	rootObject = C8CFC5B419CBAC6E005B8545 /* Project object */;
}
